
Microsoft Visual Studio Solution File, Format Version 12.00
# Visual Studio Version 17
VisualStudioVersion = 17.10.34928.147
MinimumVisualStudioVersion = 10.0.40219.1
Project("{FAE04EC0-301F-11D3-BF4B-00C04F79EFBC}") = "Shop.API", "Shop.API\Shop.API.csproj", "{715DC2F1-9CDB-4D62-B0BB-2BFCF65C3EE8}"
EndProject
Project("{FAE04EC0-301F-11D3-BF4B-00C04F79EFBC}") = "Shop.Domain", "..\Shop.Domain\Shop.Domain.csproj", "{9B180D9C-58A3-4F77-94C4-3062F80501F7}"
EndProject
Project("{FAE04EC0-301F-11D3-BF4B-00C04F79EFBC}") = "Shop.DataAccess", "..\Shop.DataAccess\Shop.DataAccess.csproj", "{1F6DEEEC-C209-4C84-89F8-4E817C278912}"
EndProject
Project("{FAE04EC0-301F-11D3-BF4B-00C04F79EFBC}") = "Shop.Application", "..\Shop.Application\Shop.Application.csproj", "{14DA4B2F-2295-4416-903D-914BC76FC22E}"
EndProject
Project("{FAE04EC0-301F-11D3-BF4B-00C04F79EFBC}") = "Shop.Implementation", "..\Shop.Implementation\Shop.Implementation.csproj", "{3DCB5A7D-1155-4905-AC0C-E220A8306BC9}"
EndProject
Global
	GlobalSection(SolutionConfigurationPlatforms) = preSolution
		Debug|Any CPU = Debug|Any CPU
		Release|Any CPU = Release|Any CPU
	EndGlobalSection
	GlobalSection(ProjectConfigurationPlatforms) = postSolution
		{715DC2F1-9CDB-4D62-B0BB-2BFCF65C3EE8}.Debug|Any CPU.ActiveCfg = Debug|Any CPU
		{715DC2F1-9CDB-4D62-B0BB-2BFCF65C3EE8}.Debug|Any CPU.Build.0 = Debug|Any CPU
		{715DC2F1-9CDB-4D62-B0BB-2BFCF65C3EE8}.Release|Any CPU.ActiveCfg = Release|Any CPU
		{715DC2F1-9CDB-4D62-B0BB-2BFCF65C3EE8}.Release|Any CPU.Build.0 = Release|Any CPU
		{9B180D9C-58A3-4F77-94C4-3062F80501F7}.Debug|Any CPU.ActiveCfg = Debug|Any CPU
		{9B180D9C-58A3-4F77-94C4-3062F80501F7}.Debug|Any CPU.Build.0 = Debug|Any CPU
		{9B180D9C-58A3-4F77-94C4-3062F80501F7}.Release|Any CPU.ActiveCfg = Release|Any CPU
		{9B180D9C-58A3-4F77-94C4-3062F80501F7}.Release|Any CPU.Build.0 = Release|Any CPU
		{1F6DEEEC-C209-4C84-89F8-4E817C278912}.Debug|Any CPU.ActiveCfg = Debug|Any CPU
		{1F6DEEEC-C209-4C84-89F8-4E817C278912}.Debug|Any CPU.Build.0 = Debug|Any CPU
		{1F6DEEEC-C209-4C84-89F8-4E817C278912}.Release|Any CPU.ActiveCfg = Release|Any CPU
		{1F6DEEEC-C209-4C84-89F8-4E817C278912}.Release|Any CPU.Build.0 = Release|Any CPU
		{14DA4B2F-2295-4416-903D-914BC76FC22E}.Debug|Any CPU.ActiveCfg = Debug|Any CPU
		{14DA4B2F-2295-4416-903D-914BC76FC22E}.Debug|Any CPU.Build.0 = Debug|Any CPU
		{14DA4B2F-2295-4416-903D-914BC76FC22E}.Release|Any CPU.ActiveCfg = Release|Any CPU
		{14DA4B2F-2295-4416-903D-914BC76FC22E}.Release|Any CPU.Build.0 = Release|Any CPU
		{3DCB5A7D-1155-4905-AC0C-E220A8306BC9}.Debug|Any CPU.ActiveCfg = Debug|Any CPU
		{3DCB5A7D-1155-4905-AC0C-E220A8306BC9}.Debug|Any CPU.Build.0 = Debug|Any CPU
		{3DCB5A7D-1155-4905-AC0C-E220A8306BC9}.Release|Any CPU.ActiveCfg = Release|Any CPU
		{3DCB5A7D-1155-4905-AC0C-E220A8306BC9}.Release|Any CPU.Build.0 = Release|Any CPU
	EndGlobalSection
	GlobalSection(SolutionProperties) = preSolution
		HideSolutionNode = FALSE
	EndGlobalSection
	GlobalSection(ExtensibilityGlobals) = postSolution
		SolutionGuid = {E285795F-CAA6-459C-B316-FA2606FA944E}
	EndGlobalSection
EndGlobal
